
Microsoft Visual Studio Solution File, Format Version 12.00
# Visual Studio Version 16
VisualStudioVersion = 16.0.29519.87
MinimumVisualStudioVersion = 10.0.40219.1
Project("{9A19103F-16F7-4668-BE54-9A1E7A4F7556}") = "Soltechnology.Avro.OnlineEditor.Api", "src\Soltechnology.Avro.OnlineEditor.Api\Soltechnology.Avro.OnlineEditor.Api.csproj", "{04350962-8440-4C0A-B053-2032BE5AA4B4}"
EndProject
Project("{9A19103F-16F7-4668-BE54-9A1E7A4F7556}") = "Commands", "src\Commands\Commands.csproj", "{0B9EB6FF-C443-48E9-B125-7836FF7AF6E3}"
EndProject
Global
	GlobalSection(SolutionConfigurationPlatforms) = preSolution
		Debug|Any CPU = Debug|Any CPU
		Release|Any CPU = Release|Any CPU
	EndGlobalSection
	GlobalSection(ProjectConfigurationPlatforms) = postSolution
		{04350962-8440-4C0A-B053-2032BE5AA4B4}.Debug|Any CPU.ActiveCfg = Debug|Any CPU
		{04350962-8440-4C0A-B053-2032BE5AA4B4}.Debug|Any CPU.Build.0 = Debug|Any CPU
		{04350962-8440-4C0A-B053-2032BE5AA4B4}.Release|Any CPU.ActiveCfg = Release|Any CPU
		{04350962-8440-4C0A-B053-2032BE5AA4B4}.Release|Any CPU.Build.0 = Release|Any CPU
		{0B9EB6FF-C443-48E9-B125-7836FF7AF6E3}.Debug|Any CPU.ActiveCfg = Debug|Any CPU
		{0B9EB6FF-C443-48E9-B125-7836FF7AF6E3}.Debug|Any CPU.Build.0 = Debug|Any CPU
		{0B9EB6FF-C443-48E9-B125-7836FF7AF6E3}.Release|Any CPU.ActiveCfg = Release|Any CPU
		{0B9EB6FF-C443-48E9-B125-7836FF7AF6E3}.Release|Any CPU.Build.0 = Release|Any CPU
	EndGlobalSection
	GlobalSection(SolutionProperties) = preSolution
		HideSolutionNode = FALSE
	EndGlobalSection
	GlobalSection(ExtensibilityGlobals) = postSolution
		SolutionGuid = {85CE8A4A-FDE1-4839-B296-03314DB30A33}
	EndGlobalSection
EndGlobal
